
Microsoft Visual Studio Solution File, Format Version 12.00
Project("{2150E333-8FDC-42A3-9474-1A3956D46DE8}") = "src", "src", "{A4EA770B-6FE1-414E-8EF2-BE3B00B4AA0E}"
EndProject
Project("{2150E333-8FDC-42A3-9474-1A3956D46DE8}") = "tests", "tests", "{AB483CD2-C5C7-442A-B440-6C11E79B35B1}"
EndProject
Project("{FAE04EC0-301F-11D3-BF4B-00C04F79EFBC}") = "GameHub.QuizMaster", "src\GameHub.QuizMaster\GameHub.QuizMaster.csproj", "{2CF9B7CB-2B8B-4D13-96F5-CD11C89E4028}"
EndProject
Project("{FAE04EC0-301F-11D3-BF4B-00C04F79EFBC}") = "GameHub.Domain", "src\GameHub.Domain\GameHub.Domain.csproj", "{75F32CEE-6FEE-4031-A8FA-7CFA3D950423}"
EndProject
Project("{FAE04EC0-301F-11D3-BF4B-00C04F79EFBC}") = "GameHub.QuizMaster.Tests", "tests\GameHub.QuizMaster.Tests\GameHub.QuizMaster.Tests.csproj", "{808D84D9-1185-4050-AEF8-F8835B80CF30}"
EndProject
Project("{FAE04EC0-301F-11D3-BF4B-00C04F79EFBC}") = "GameHub.AspNetCore.Extensions", "src\GameHub.AspNetCore.Extensions\GameHub.AspNetCore.Extensions.csproj", "{5C812FC1-050E-4C0A-B213-4E66D1992010}"
EndProject
Global
	GlobalSection(SolutionConfigurationPlatforms) = preSolution
		Debug|Any CPU = Debug|Any CPU
		Release|Any CPU = Release|Any CPU
	EndGlobalSection
	GlobalSection(NestedProjects) = preSolution
		{2CF9B7CB-2B8B-4D13-96F5-CD11C89E4028} = {A4EA770B-6FE1-414E-8EF2-BE3B00B4AA0E}
		{75F32CEE-6FEE-4031-A8FA-7CFA3D950423} = {A4EA770B-6FE1-414E-8EF2-BE3B00B4AA0E}
		{808D84D9-1185-4050-AEF8-F8835B80CF30} = {AB483CD2-C5C7-442A-B440-6C11E79B35B1}
		{5C812FC1-050E-4C0A-B213-4E66D1992010} = {A4EA770B-6FE1-414E-8EF2-BE3B00B4AA0E}
	EndGlobalSection
	GlobalSection(ProjectConfigurationPlatforms) = postSolution
		{2CF9B7CB-2B8B-4D13-96F5-CD11C89E4028}.Debug|Any CPU.ActiveCfg = Debug|Any CPU
		{2CF9B7CB-2B8B-4D13-96F5-CD11C89E4028}.Debug|Any CPU.Build.0 = Debug|Any CPU
		{2CF9B7CB-2B8B-4D13-96F5-CD11C89E4028}.Release|Any CPU.ActiveCfg = Release|Any CPU
		{2CF9B7CB-2B8B-4D13-96F5-CD11C89E4028}.Release|Any CPU.Build.0 = Release|Any CPU
		{75F32CEE-6FEE-4031-A8FA-7CFA3D950423}.Debug|Any CPU.ActiveCfg = Debug|Any CPU
		{75F32CEE-6FEE-4031-A8FA-7CFA3D950423}.Debug|Any CPU.Build.0 = Debug|Any CPU
		{75F32CEE-6FEE-4031-A8FA-7CFA3D950423}.Release|Any CPU.ActiveCfg = Release|Any CPU
		{75F32CEE-6FEE-4031-A8FA-7CFA3D950423}.Release|Any CPU.Build.0 = Release|Any CPU
		{808D84D9-1185-4050-AEF8-F8835B80CF30}.Debug|Any CPU.ActiveCfg = Debug|Any CPU
		{808D84D9-1185-4050-AEF8-F8835B80CF30}.Debug|Any CPU.Build.0 = Debug|Any CPU
		{808D84D9-1185-4050-AEF8-F8835B80CF30}.Release|Any CPU.ActiveCfg = Release|Any CPU
		{808D84D9-1185-4050-AEF8-F8835B80CF30}.Release|Any CPU.Build.0 = Release|Any CPU
		{5C812FC1-050E-4C0A-B213-4E66D1992010}.Debug|Any CPU.ActiveCfg = Debug|Any CPU
		{5C812FC1-050E-4C0A-B213-4E66D1992010}.Debug|Any CPU.Build.0 = Debug|Any CPU
		{5C812FC1-050E-4C0A-B213-4E66D1992010}.Release|Any CPU.ActiveCfg = Release|Any CPU
		{5C812FC1-050E-4C0A-B213-4E66D1992010}.Release|Any CPU.Build.0 = Release|Any CPU
	EndGlobalSection
EndGlobal
