
Microsoft Visual Studio Solution File, Format Version 12.00
Project("{2150E333-8FDC-42A3-9474-1A3956D46DE8}") = "src", "src", "{A4EA770B-6FE1-414E-8EF2-BE3B00B4AA0E}"
EndProject
Project("{2150E333-8FDC-42A3-9474-1A3956D46DE8}") = "tests", "tests", "{AB483CD2-C5C7-442A-B440-6C11E79B35B1}"
EndProject
Project("{FAE04EC0-301F-11D3-BF4B-00C04F79EFBC}") = "QuizMaster.Server", "src\QuizMaster.Server\QuizMaster.Server.csproj", "{2CF9B7CB-2B8B-4D13-96F5-CD11C89E4028}"
EndProject
Global
	GlobalSection(SolutionConfigurationPlatforms) = preSolution
		Debug|Any CPU = Debug|Any CPU
		Release|Any CPU = Release|Any CPU
	EndGlobalSection
	GlobalSection(NestedProjects) = preSolution
		{2CF9B7CB-2B8B-4D13-96F5-CD11C89E4028} = {A4EA770B-6FE1-414E-8EF2-BE3B00B4AA0E}
	EndGlobalSection
	GlobalSection(ProjectConfigurationPlatforms) = postSolution
		{2CF9B7CB-2B8B-4D13-96F5-CD11C89E4028}.Debug|Any CPU.ActiveCfg = Debug|Any CPU
		{2CF9B7CB-2B8B-4D13-96F5-CD11C89E4028}.Debug|Any CPU.Build.0 = Debug|Any CPU
		{2CF9B7CB-2B8B-4D13-96F5-CD11C89E4028}.Release|Any CPU.ActiveCfg = Release|Any CPU
		{2CF9B7CB-2B8B-4D13-96F5-CD11C89E4028}.Release|Any CPU.Build.0 = Release|Any CPU
	EndGlobalSection
EndGlobal
